
Microsoft Visual Studio Solution File, Format Version 12.00
# Visual Studio Version 17
VisualStudioVersion = 17.10.35004.147
MinimumVisualStudioVersion = 10.0.40219.1
Project("{FAE04EC0-301F-11D3-BF4B-00C04F79EFBC}") = "TopWords", "TopWords\TopWords.csproj", "{C09C89CB-3B48-4939-AB8F-D2FE4BAF24AF}"
EndProject
Global
	GlobalSection(SolutionConfigurationPlatforms) = preSolution
		Debug|Any CPU = Debug|Any CPU
		Release|Any CPU = Release|Any CPU
	EndGlobalSection
	GlobalSection(ProjectConfigurationPlatforms) = postSolution
		{C09C89CB-3B48-4939-AB8F-D2FE4BAF24AF}.Debug|Any CPU.ActiveCfg = Debug|Any CPU
		{C09C89CB-3B48-4939-AB8F-D2FE4BAF24AF}.Debug|Any CPU.Build.0 = Debug|Any CPU
		{C09C89CB-3B48-4939-AB8F-D2FE4BAF24AF}.Release|Any CPU.ActiveCfg = Release|Any CPU
		{C09C89CB-3B48-4939-AB8F-D2FE4BAF24AF}.Release|Any CPU.Build.0 = Release|Any CPU
	EndGlobalSection
	GlobalSection(SolutionProperties) = preSolution
		HideSolutionNode = FALSE
	EndGlobalSection
	GlobalSection(ExtensibilityGlobals) = postSolution
		SolutionGuid = {FAD22FBD-ED60-4979-A0F0-05902869F79E}
	EndGlobalSection
EndGlobal
